{
  "name": "tinysend-herdr",
  "version": "0.1.0",
  "lockfileVersion": 3,
  "requires": true,
  "packages": {
    "": {
      "name": "tinysend-herdr",
      "version": "0.1.0",
      "dependencies": {
        "tinysend": "^0.5.1"
      }
    },
    "node_modules/tinysend": {
      "version": "0.5.1",
      "resolved": "https://registry.npmjs.org/tinysend/-/tinysend-0.5.1.tgz",
      "integrity": "sha512-bMTYdUze93j6V7gVTbs/EBUCmEvIuycqGPIq/YxufWg4hcJhu4H3nwskbKXRmSko0Jtt1tzcG/hJcdH5AeMFyA==",
      "license": "MIT",
      "engines": {
        "node": ">=18"
      }
    }
  }
}
